
Microsoft Visual Studio Solution File, Format Version 12.00
# Visual Studio Version 16
VisualStudioVersion = 16.0.30611.23
MinimumVisualStudioVersion = 10.0.40219.1
Project("{8BC9CEB8-8B4A-11D0-8D11-00A0C91BC942}") = "shellext-fix", "shellext-fix.vcxproj", "{7352C18F-2690-4001-A695-D25E3D2E4BDB}"
EndProject
Global
	GlobalSection(SolutionConfigurationPlatforms) = preSolution
		Debug|x64 = Debug|x64
		Debug|x86 = Debug|x86
		Release|x64 = Release|x64
		Release|x86 = Release|x86
	EndGlobalSection
	GlobalSection(ProjectConfigurationPlatforms) = postSolution
		{7352C18F-2690-4001-A695-D25E3D2E4BDB}.Debug|x64.ActiveCfg = Debug|x64
		{7352C18F-2690-4001-A695-D25E3D2E4BDB}.Debug|x64.Build.0 = Debug|x64
		{7352C18F-2690-4001-A695-D25E3D2E4BDB}.Debug|x86.ActiveCfg = Debug|Win32
		{7352C18F-2690-4001-A695-D25E3D2E4BDB}.Debug|x86.Build.0 = Debug|Win32
		{7352C18F-2690-4001-A695-D25E3D2E4BDB}.Release|x64.ActiveCfg = Release|x64
		{7352C18F-2690-4001-A695-D25E3D2E4BDB}.Release|x64.Build.0 = Release|x64
		{7352C18F-2690-4001-A695-D25E3D2E4BDB}.Release|x86.ActiveCfg = Release|Win32
		{7352C18F-2690-4001-A695-D25E3D2E4BDB}.Release|x86.Build.0 = Release|Win32
	EndGlobalSection
	GlobalSection(SolutionProperties) = preSolution
		HideSolutionNode = FALSE
	EndGlobalSection
	GlobalSection(ExtensibilityGlobals) = postSolution
		SolutionGuid = {33CE40B3-16BF-4974-A239-496B0DEE6E7D}
	EndGlobalSection
EndGlobal
