
Microsoft Visual Studio Solution File, Format Version 12.00
# Visual Studio Version 16
VisualStudioVersion = 16.0.29613.14
MinimumVisualStudioVersion = 10.0.40219.1
Project("{8BC9CEB8-8B4A-11D0-8D11-00A0C91BC942}") = "ALL_BUILD", "ALL_BUILD.vcxproj", "{512BC060-D000-38D6-B2AE-31092AD65B7D}"
	ProjectSection(ProjectDependencies) = postProject
		{A004F343-55D0-392A-B445-60D4A35691C9} = {A004F343-55D0-392A-B445-60D4A35691C9}
	EndProjectSection
EndProject
Project("{8BC9CEB8-8B4A-11D0-8D11-00A0C91BC942}") = "seadrive_ext", "seadrive_ext.vcxproj", "{A004F343-55D0-392A-B445-60D4A35691C9}"
EndProject
Global
	GlobalSection(SolutionConfigurationPlatforms) = preSolution
		Debug|x64 = Debug|x64
		MinSizeRel|x64 = MinSizeRel|x64
		Release|x64 = Release|x64
		RelWithDebInfo|x64 = RelWithDebInfo|x64
	EndGlobalSection
	GlobalSection(ProjectConfigurationPlatforms) = postSolution
		{512BC060-D000-38D6-B2AE-31092AD65B7D}.Debug|x64.ActiveCfg = Debug|x64
		{512BC060-D000-38D6-B2AE-31092AD65B7D}.MinSizeRel|x64.ActiveCfg = MinSizeRel|x64
		{512BC060-D000-38D6-B2AE-31092AD65B7D}.Release|x64.ActiveCfg = Release|x64
		{512BC060-D000-38D6-B2AE-31092AD65B7D}.RelWithDebInfo|x64.ActiveCfg = RelWithDebInfo|x64
		{A004F343-55D0-392A-B445-60D4A35691C9}.Debug|x64.ActiveCfg = Debug|x64
		{A004F343-55D0-392A-B445-60D4A35691C9}.Debug|x64.Build.0 = Debug|x64
		{A004F343-55D0-392A-B445-60D4A35691C9}.MinSizeRel|x64.ActiveCfg = MinSizeRel|x64
		{A004F343-55D0-392A-B445-60D4A35691C9}.MinSizeRel|x64.Build.0 = MinSizeRel|x64
		{A004F343-55D0-392A-B445-60D4A35691C9}.Release|x64.ActiveCfg = Release|x64
		{A004F343-55D0-392A-B445-60D4A35691C9}.Release|x64.Build.0 = Release|x64
		{A004F343-55D0-392A-B445-60D4A35691C9}.RelWithDebInfo|x64.ActiveCfg = RelWithDebInfo|x64
		{A004F343-55D0-392A-B445-60D4A35691C9}.RelWithDebInfo|x64.Build.0 = RelWithDebInfo|x64
	EndGlobalSection
	GlobalSection(SolutionProperties) = preSolution
		HideSolutionNode = FALSE
	EndGlobalSection
	GlobalSection(ExtensibilityGlobals) = postSolution
		SolutionGuid = {E4291C90-8A4A-3768-BA6F-C9838CAD5808}
	EndGlobalSection
EndGlobal
